// !$*UTF8*$!
{
	archiveVersion = 1;
	classes = {
	};
	objectVersion = 50;
	objects = {

/* Begin PBXBuildFile section */
		0730339F209C2CD90069194C /* BGNativeModuleExample.m in Sources */ = {isa = PBXBuildFile; fileRef = 0730339E209C2CD90069194C /* BGNativeModuleExample.m */; };
		073033A0209C2CD90069194C /* BGNativeModuleExample.h in CopyFiles */ = {isa = PBXBuildFile; fileRef = 0730339D209C2CD90069194C /* BGNativeModuleExample.h */; };
		073033A8209C2D080069194C /* LogLib.m in Sources */ = {isa = PBXBuildFile; fileRef = 073033A7209C2D080069194C /* LogLib.m */; };
/* End PBXBuildFile section */

/* Begin PBXCopyFilesBuildPhase section */
		07303398209C2CD90069194C /* CopyFiles */ = {
			isa = PBXCopyFilesBuildPhase;
			buildActionMask = 2147483647;
			dstPath = "include/$(PRODUCT_NAME)";
			dstSubfolderSpec = 16;
			files = (
				073033A0209C2CD90069194C /* BGNativeModuleExample.h in CopyFiles */,
			);
			runOnlyForDeploymentPostprocessing = 0;
		};
/* End PBXCopyFilesBuildPhase section */

/* Begin PBXFileReference section */
		0730339A209C2CD90069194C /* libBGNativeModuleExample.a */ = {isa = PBXFileReference; explicitFileType = archive.ar; includeInIndex = 0; path = libBGNativeModuleExample.a; sourceTree = BUILT_PRODUCTS_DIR; };
		0730339D209C2CD90069194C /* BGNativeModuleExample.h */ = {isa = PBXFileReference; lastKnownFileType = sourcecode.c.h; path = BGNativeModuleExample.h; sourceTree = "<group>"; };
		0730339E209C2CD90069194C /* BGNativeModuleExample.m */ = {isa = PBXFileReference; lastKnownFileType = sourcecode.c.objc; path = BGNativeModuleExample.m; sourceTree = "<group>"; };
		073033A6209C2D080069194C /* LogLib.h */ = {isa = PBXFileReference; lastKnownFileType = sourcecode.c.h; path = LogLib.h; sourceTree = "<group>"; };
		073033A7209C2D080069194C /* LogLib.m */ = {isa = PBXFileReference; lastKnownFileType = sourcecode.c.objc; path = LogLib.m; sourceTree = "<group>"; };
/* End PBXFileReference section */

/* Begin PBXFrameworksBuildPhase section */
		07303397209C2CD90069194C /* Frameworks */ = {
			isa = PBXFrameworksBuildPhase;
			buildActionMask = 2147483647;
			files = (
			);
			runOnlyForDeploymentPostprocessing = 0;
		};
/* End PBXFrameworksBuildPhase section */

/* Begin PBXGroup section */
		07303391209C2CD90069194C = {
			isa = PBXGroup;
			children = (
				0730339C209C2CD90069194C /* BGNativeModuleExample */,
				0730339B209C2CD90069194C /* Products */,
			);
			sourceTree = "<group>";
		};
		0730339B209C2CD90069194C /* Products */ = {
			isa = PBXGroup;
			children = (
				0730339A209C2CD90069194C /* libBGNativeModuleExample.a */,
			);
			name = Products;
			sourceTree = "<group>";
		};
		0730339C209C2CD90069194C /* BGNativeModuleExample */ = {
			isa = PBXGroup;
			children = (
				0730339D209C2CD90069194C /* BGNativeModuleExample.h */,
				0730339E209C2CD90069194C /* BGNativeModuleExample.m */,
				073033A6209C2D080069194C /* LogLib.h */,
				073033A7209C2D080069194C /* LogLib.m */,
			);
			path = BGNativeModuleExample;
			sourceTree = "<group>";
		};
/* End PBXGroup section */

/* Begin PBXNativeTarget section */
		07303399209C2CD90069194C /* BGNativeModuleExample */ = {
			isa = PBXNativeTarget;
			buildConfigurationList = 073033A3209C2CD90069194C /* Build configuration list for PBXNativeTarget "BGNativeModuleExample" */;
			buildPhases = (
				07303396209C2CD90069194C /* Sources */,
				07303397209C2CD90069194C /* Frameworks */,
				07303398209C2CD90069194C /* CopyFiles */,
			);
			buildRules = (
			);
			dependencies = (
			);
			name = BGNativeModuleExample;
			productName = BGNativeModuleExample;
			productReference = 0730339A209C2CD90069194C /* libBGNativeModuleExample.a */;
			productType = "com.apple.product-type.library.static";
		};
/* End PBXNativeTarget section */

/* Begin PBXProject section */
		07303392209C2CD90069194C /* Project object */ = {
			isa = PBXProject;
			attributes = {
				LastUpgradeCheck = 0930;
				ORGANIZATIONNAME = "yh-zsx";
				TargetAttributes = {
					07303399209C2CD90069194C = {
						CreatedOnToolsVersion = 9.3;
					};
				};
			};
			buildConfigurationList = 07303395209C2CD90069194C /* Build configuration list for PBXProject "BGNativeModuleExample" */;
			compatibilityVersion = "Xcode 9.3";
			developmentRegion = en;
			hasScannedForEncodings = 0;
			knownRegions = (
				en,
			);
			mainGroup = 07303391209C2CD90069194C;
			productRefGroup = 0730339B209C2CD90069194C /* Products */;
			projectDirPath = "";
			projectRoot = "";
			targets = (
				07303399209C2CD90069194C /* BGNativeModuleExample */,
			);
		};
/* End PBXProject section */

/* Begin PBXSourcesBuildPhase section */
		07303396209C2CD90069194C /* Sources */ = {
			isa = PBXSourcesBuildPhase;
			buildActionMask = 2147483647;
			files = (
				073033A8209C2D080069194C /* LogLib.m in Sources */,
				0730339F209C2CD90069194C /* BGNativeModuleExample.m in Sources */,
			);
			runOnlyForDeploymentPostprocessing = 0;
		};
/* End PBXSourcesBuildPhase section */

/* Begin XCBuildConfiguration section */
		073033A1209C2CD90069194C /* Debug */ = {
			isa = XCBuildConfiguration;
			buildSettings = {
				ALWAYS_SEARCH_USER_PATHS = NO;
				CLANG_ANALYZER_NONNULL = YES;
				CLANG_ANALYZER_NUMBER_OBJECT_CONVERSION = YES_AGGRESSIVE;
				CLANG_CXX_LANGUAGE_STANDARD = "gnu++14";
				CLANG_CXX_LIBRARY = "libc++";
				CLANG_ENABLE_MODULES = YES;
				CLANG_ENABLE_OBJC_ARC = YES;
				CLANG_ENABLE_OBJC_WEAK = YES;
				CLANG_WARN_BLOCK_CAPTURE_AUTORELEASING = YES;
				CLANG_WARN_BOOL_CONVERSION = YES;
				CLANG_WARN_COMMA = YES;
				CLANG_WARN_CONSTANT_CONVERSION = YES;
				CLANG_WARN_DEPRECATED_OBJC_IMPLEMENTATIONS = YES;
				CLANG_WARN_DIRECT_OBJC_ISA_USAGE = YES_ERROR;
				CLANG_WARN_DOCUMENTATION_COMMENTS = YES;
				CLANG_WARN_EMPTY_BODY = YES;
				CLANG_WARN_ENUM_CONVERSION = YES;
				CLANG_WARN_INFINITE_RECURSION = YES;
				CLANG_WARN_INT_CONVERSION = YES;
				CLANG_WARN_NON_LITERAL_NULL_CONVERSION = YES;
				CLANG_WARN_OBJC_IMPLICIT_RETAIN_SELF = YES;
				CLANG_WARN_OBJC_LITERAL_CONVERSION = YES;
				CLANG_WARN_OBJC_ROOT_CLASS = YES_ERROR;
				CLANG_WARN_RANGE_LOOP_ANALYSIS = YES;
				CLANG_WARN_STRICT_PROTOTYPES = YES;
				CLANG_WARN_SUSPICIOUS_MOVE = YES;
				CLANG_WARN_UNGUARDED_AVAILABILITY = YES_AGGRESSIVE;
				CLANG_WARN_UNREACHABLE_CODE = YES;
				CLANG_WARN__DUPLICATE_METHOD_MATCH = YES;
				CODE_SIGN_IDENTITY = "iPhone Developer";
				COPY_PHASE_STRIP = NO;
				DEBUG_INFORMATION_FORMAT = dwarf;
				ENABLE_STRICT_OBJC_MSGSEND = YES;
				ENABLE_TESTABILITY = YES;
				GCC_C_LANGUAGE_STANDARD = gnu11;
				GCC_DYNAMIC_NO_PIC = NO;
				GCC_NO_COMMON_BLOCKS = YES;
				GCC_OPTIMIZATION_LEVEL = 0;
				GCC_PREPROCESSOR_DEFINITIONS = (
					"DEBUG=1",
					"$(inherited)",
				);
				GCC_WARN_64_TO_32_BIT_CONVERSION = YES;
				GCC_WARN_ABOUT_RETURN_TYPE = YES_ERROR;
				GCC_WARN_UNDECLARED_SELECTOR = YES;
				GCC_WARN_UNINITIALIZED_AUTOS = YES_AGGRESSIVE;
				GCC_WARN_UNUSED_FUNCTION = YES;
				GCC_WARN_UNUSED_VARIABLE = YES;
				IPHONEOS_DEPLOYMENT_TARGET = 11.3;
				MTL_ENABLE_DEBUG_INFO = YES;
				ONLY_ACTIVE_ARCH = YES;
				SDKROOT = iphoneos;
			};
			name = Debug;
		};
		073033A2209C2CD90069194C /* Release */ = {
			isa = XCBuildConfiguration;
			buildSettings = {
				ALWAYS_SEARCH_USER_PATHS = NO;
				CLANG_ANALYZER_NONNULL = YES;
				CLANG_ANALYZER_NUMBER_OBJECT_CONVERSION = YES_AGGRESSIVE;
				CLANG_CXX_LANGUAGE_STANDARD = "gnu++14";
				CLANG_CXX_LIBRARY = "libc++";
				CLANG_ENABLE_MODULES = YES;
				CLANG_ENABLE_OBJC_ARC = YES;
				CLANG_ENABLE_OBJC_WEAK = YES;
				CLANG_WARN_BLOCK_CAPTURE_AUTORELEASING = YES;
				CLANG_WARN_BOOL_CONVERSION = YES;
				CLANG_WARN_COMMA = YES;
				CLANG_WARN_CONSTANT_CONVERSION = YES;
				CLANG_WARN_DEPRECATED_OBJC_IMPLEMENTATIONS = YES;
				CLANG_WARN_DIRECT_OBJC_ISA_USAGE = YES_ERROR;
				CLANG_WARN_DOCUMENTATION_COMMENTS = YES;
				CLANG_WARN_EMPTY_BODY = YES;
				CLANG_WARN_ENUM_CONVERSION = YES;
				CLANG_WARN_INFINITE_RECURSION = YES;
				CLANG_WARN_INT_CONVERSION = YES;
				CLANG_WARN_NON_LITERAL_NULL_CONVERSION = YES;
				CLANG_WARN_OBJC_IMPLICIT_RETAIN_SELF = YES;
				CLANG_WARN_OBJC_LITERAL_CONVERSION = YES;
				CLANG_WARN_OBJC_ROOT_CLASS = YES_ERROR;
				CLANG_WARN_RANGE_LOOP_ANALYSIS = YES;
				CLANG_WARN_STRICT_PROTOTYPES = YES;
				CLANG_WARN_SUSPICIOUS_MOVE = YES;
				CLANG_WARN_UNGUARDED_AVAILABILITY = YES_AGGRESSIVE;
				CLANG_WARN_UNREACHABLE_CODE = YES;
				CLANG_WARN__DUPLICATE_METHOD_MATCH = YES;
				CODE_SIGN_IDENTITY = "iPhone Developer";
				COPY_PHASE_STRIP = NO;
				DEBUG_INFORMATION_FORMAT = "dwarf-with-dsym";
				ENABLE_NS_ASSERTIONS = NO;
				ENABLE_STRICT_OBJC_MSGSEND = YES;
				GCC_C_LANGUAGE_STANDARD = gnu11;
				GCC_NO_COMMON_BLOCKS = YES;
				GCC_WARN_64_TO_32_BIT_CONVERSION = YES;
				GCC_WARN_ABOUT_RETURN_TYPE = YES_ERROR;
				GCC_WARN_UNDECLARED_SELECTOR = YES;
				GCC_WARN_UNINITIALIZED_AUTOS = YES_AGGRESSIVE;
				GCC_WARN_UNUSED_FUNCTION = YES;
				GCC_WARN_UNUSED_VARIABLE = YES;
				IPHONEOS_DEPLOYMENT_TARGET = 11.3;
				MTL_ENABLE_DEBUG_INFO = NO;
				SDKROOT = iphoneos;
				VALIDATE_PRODUCT = YES;
			};
			name = Release;
		};
		073033A4209C2CD90069194C /* Debug */ = {
			isa = XCBuildConfiguration;
			buildSettings = {
				CODE_SIGN_STYLE = Automatic;
				HEADER_SEARCH_PATHS = "$(SRCROOT)/../../react-native/React/**";
				OTHER_LDFLAGS = "-ObjC";
				PRODUCT_NAME = "$(TARGET_NAME)";
				SKIP_INSTALL = YES;
				TARGETED_DEVICE_FAMILY = "1,2";
			};
			name = Debug;
		};
		073033A5209C2CD90069194C /* Release */ = {
			isa = XCBuildConfiguration;
			buildSettings = {
				CODE_SIGN_STYLE = Automatic;
				HEADER_SEARCH_PATHS = "$(SRCROOT)/../../react-native/React/**";
				OTHER_LDFLAGS = "-ObjC";
				PRODUCT_NAME = "$(TARGET_NAME)";
				SKIP_INSTALL = YES;
				TARGETED_DEVICE_FAMILY = "1,2";
			};
			name = Release;
		};
/* End XCBuildConfiguration section */

/* Begin XCConfigurationList section */
		07303395209C2CD90069194C /* Build configuration list for PBXProject "BGNativeModuleExample" */ = {
			isa = XCConfigurationList;
			buildConfigurations = (
				073033A1209C2CD90069194C /* Debug */,
				073033A2209C2CD90069194C /* Release */,
			);
			defaultConfigurationIsVisible = 0;
			defaultConfigurationName = Release;
		};
		073033A3209C2CD90069194C /* Build configuration list for PBXNativeTarget "BGNativeModuleExample" */ = {
			isa = XCConfigurationList;
			buildConfigurations = (
				073033A4209C2CD90069194C /* Debug */,
				073033A5209C2CD90069194C /* Release */,
			);
			defaultConfigurationIsVisible = 0;
			defaultConfigurationName = Release;
		};
/* End XCConfigurationList section */
	};
	rootObject = 07303392209C2CD90069194C /* Project object */;
}
